PODS:
  - ceyx (0.0.1):
    - FlutterMacOS
  - FlutterMacOS (1.0.0)

DEPENDENCIES:
  - ceyx (from `Flutter/ephemeral/.symlinks/plugins/ceyx/macos`)
  - FlutterMacOS (from `Flutter/ephemeral`)

EXTERNAL SOURCES:
  ceyx:
    :path: Flutter/ephemeral/.symlinks/plugins/ceyx/macos
  FlutterMacOS:
    :path: Flutter/ephemeral

SPEC CHECKSUMS:
  ceyx: 1e25922db56d778234809b7affea31652f29a018
  FlutterMacOS: d0db08ddef1a9af05a5ec4b724367152bb0500b1

PODFILE CHECKSUM: 54d867c82ac51cbd61b565781b9fada492027009

COCOAPODS: 1.16.2
