PODS:
  - dng_processor_ffi (0.0.1):
    - FlutterMacOS
  - FlutterMacOS (1.0.0)

DEPENDENCIES:
  - dng_processor_ffi (from `Flutter/ephemeral/.symlinks/plugins/dng_processor_ffi/macos`)
  - FlutterMacOS (from `Flutter/ephemeral`)

EXTERNAL SOURCES:
  dng_processor_ffi:
    :path: Flutter/ephemeral/.symlinks/plugins/dng_processor_ffi/macos
  FlutterMacOS:
    :path: Flutter/ephemeral

SPEC CHECKSUMS:
  dng_processor_ffi: 6b9693da3354154667e7e1c50ec06662dc8e3440
  FlutterMacOS: d0db08ddef1a9af05a5ec4b724367152bb0500b1

PODFILE CHECKSUM: 54d867c82ac51cbd61b565781b9fada492027009

COCOAPODS: 1.16.2
