PODS:
  - ceyx (0.0.1):
    - FlutterMacOS
  - FlutterMacOS (1.0.0)

DEPENDENCIES:
  - ceyx (from `Flutter/ephemeral/.symlinks/plugins/ceyx/macos`)
  - FlutterMacOS (from `Flutter/ephemeral`)

EXTERNAL SOURCES:
  ceyx:
    :path: Flutter/ephemeral/.symlinks/plugins/ceyx/macos
  FlutterMacOS:
    :path: Flutter/ephemeral

SPEC CHECKSUMS:
  ceyx: 64935d3e4f47aa703e19a8ba60b467c7760cf4f7
  FlutterMacOS: d0db08ddef1a9af05a5ec4b724367152bb0500b1

PODFILE CHECKSUM: bac2186806ea901d391c664c7bfc8ccce0ee7cb7

COCOAPODS: 1.16.2
